// !$*UTF8*$!
{
	archiveVersion = 1;
	classes = {
	};
	objectVersion = 46;
	objects = {

/* Begin PBXBuildFile section */
		72DC2C731C8A8C0C0051AFB2 /* main.m in Sources */ = {isa = PBXBuildFile; fileRef = 72DC2C721C8A8C0C0051AFB2 /* main.m */; };
		72DC2C761C8A8C0C0051AFB2 /* AppDelegate.m in Sources */ = {isa = PBXBuildFile; fileRef = 72DC2C751C8A8C0C0051AFB2 /* AppDelegate.m */; };
		72DC2C791C8A8C0C0051AFB2 /* ViewController.m in Sources */ = {isa = PBXBuildFile; fileRef = 72DC2C781C8A8C0C0051AFB2 /* ViewController.m */; };
		72DC2C7C1C8A8C0C0051AFB2 /* Main.storyboard in Resources */ = {isa = PBXBuildFile; fileRef = 72DC2C7A1C8A8C0C0051AFB2 /* Main.storyboard */; };
		72DC2C7E1C8A8C0C0051AFB2 /* Assets.xcassets in Resources */ = {isa = PBXBuildFile; fileRef = 72DC2C7D1C8A8C0C0051AFB2 /* Assets.xcassets */; };
		72DC2C811C8A8C0C0051AFB2 /* LaunchScreen.storyboard in Resources */ = {isa = PBXBuildFile; fileRef = 72DC2C7F1C8A8C0C0051AFB2 /* LaunchScreen.storyboard */; };
		72DC2C911C8AB8050051AFB2 /* CountDownView.m in Sources */ = {isa = PBXBuildFile; fileRef = 72DC2C901C8AB8050051AFB2 /* CountDownView.m */; };
/* End PBXBuildFile section */

/* Begin PBXFileReference section */
		72DC2C6E1C8A8C0C0051AFB2 /* countDown(倒计时).app */ = {isa = PBXFileReference; explicitFileType = wrapper.application; includeInIndex = 0; path = "countDown(倒计时).app"; sourceTree = BUILT_PRODUCTS_DIR; };
		72DC2C721C8A8C0C0051AFB2 /* main.m */ = {isa = PBXFileReference; lastKnownFileType = sourcecode.c.objc; path = main.m; sourceTree = "<group>"; };
		72DC2C741C8A8C0C0051AFB2 /* AppDelegate.h */ = {isa = PBXFileReference; lastKnownFileType = sourcecode.c.h; path = AppDelegate.h; sourceTree = "<group>"; };
		72DC2C751C8A8C0C0051AFB2 /* AppDelegate.m */ = {isa = PBXFileReference; lastKnownFileType = sourcecode.c.objc; path = AppDelegate.m; sourceTree = "<group>"; };
		72DC2C771C8A8C0C0051AFB2 /* ViewController.h */ = {isa = PBXFileReference; lastKnownFileType = sourcecode.c.h; path = ViewController.h; sourceTree = "<group>"; };
		72DC2C781C8A8C0C0051AFB2 /* ViewController.m */ = {isa = PBXFileReference; lastKnownFileType = sourcecode.c.objc; path = ViewController.m; sourceTree = "<group>"; };
		72DC2C7B1C8A8C0C0051AFB2 /* Base */ = {isa = PBXFileReference; lastKnownFileType = file.storyboard; name = Base; path = Base.lproj/Main.storyboard; sourceTree = "<group>"; };
		72DC2C7D1C8A8C0C0051AFB2 /* Assets.xcassets */ = {isa = PBXFileReference; lastKnownFileType = folder.assetcatalog; path = Assets.xcassets; sourceTree = "<group>"; };
		72DC2C801C8A8C0C0051AFB2 /* Base */ = {isa = PBXFileReference; lastKnownFileType = file.storyboard; name = Base; path = Base.lproj/LaunchScreen.storyboard; sourceTree = "<group>"; };
		72DC2C821C8A8C0C0051AFB2 /* Info.plist */ = {isa = PBXFileReference; lastKnownFileType = text.plist.xml; path = Info.plist; sourceTree = "<group>"; };
		72DC2C8F1C8AB8050051AFB2 /* CountDownView.h */ = {isa = PBXFileReference; fileEncoding = 4; lastKnownFileType = sourcecode.c.h; path = CountDownView.h; sourceTree = "<group>"; };
		72DC2C901C8AB8050051AFB2 /* CountDownView.m */ = {isa = PBXFileReference; fileEncoding = 4; lastKnownFileType = sourcecode.c.objc; path = CountDownView.m; sourceTree = "<group>"; };
/* End PBXFileReference section */

/* Begin PBXFrameworksBuildPhase section */
		72DC2C6B1C8A8C0C0051AFB2 /* Frameworks */ = {
			isa = PBXFrameworksBuildPhase;
			buildActionMask = 2147483647;
			files = (
			);
			runOnlyForDeploymentPostprocessing = 0;
		};
/* End PBXFrameworksBuildPhase section */

/* Begin PBXGroup section */
		72DC2C651C8A8C0C0051AFB2 = {
			isa = PBXGroup;
			children = (
				72DC2C701C8A8C0C0051AFB2 /* countDown(倒计时) */,
				72DC2C6F1C8A8C0C0051AFB2 /* Products */,
			);
			sourceTree = "<group>";
		};
		72DC2C6F1C8A8C0C0051AFB2 /* Products */ = {
			isa = PBXGroup;
			children = (
				72DC2C6E1C8A8C0C0051AFB2 /* countDown(倒计时).app */,
			);
			name = Products;
			sourceTree = "<group>";
		};
		72DC2C701C8A8C0C0051AFB2 /* countDown(倒计时) */ = {
			isa = PBXGroup;
			children = (
				72DC2C8E1C8AB7F40051AFB2 /* CountDown */,
				72DC2C741C8A8C0C0051AFB2 /* AppDelegate.h */,
				72DC2C751C8A8C0C0051AFB2 /* AppDelegate.m */,
				72DC2C771C8A8C0C0051AFB2 /* ViewController.h */,
				72DC2C781C8A8C0C0051AFB2 /* ViewController.m */,
				72DC2C7A1C8A8C0C0051AFB2 /* Main.storyboard */,
				72DC2C7D1C8A8C0C0051AFB2 /* Assets.xcassets */,
				72DC2C7F1C8A8C0C0051AFB2 /* LaunchScreen.storyboard */,
				72DC2C821C8A8C0C0051AFB2 /* Info.plist */,
				72DC2C711C8A8C0C0051AFB2 /* Supporting Files */,
			);
			path = "countDown(倒计时)";
			sourceTree = "<group>";
		};
		72DC2C711C8A8C0C0051AFB2 /* Supporting Files */ = {
			isa = PBXGroup;
			children = (
				72DC2C721C8A8C0C0051AFB2 /* main.m */,
			);
			name = "Supporting Files";
			sourceTree = "<group>";
		};
		72DC2C8E1C8AB7F40051AFB2 /* CountDown */ = {
			isa = PBXGroup;
			children = (
				72DC2C8F1C8AB8050051AFB2 /* CountDownView.h */,
				72DC2C901C8AB8050051AFB2 /* CountDownView.m */,
			);
			path = CountDown;
			sourceTree = "<group>";
		};
/* End PBXGroup section */

/* Begin PBXNativeTarget section */
		72DC2C6D1C8A8C0C0051AFB2 /* countDown(倒计时) */ = {
			isa = PBXNativeTarget;
			buildConfigurationList = 72DC2C851C8A8C0C0051AFB2 /* Build configuration list for PBXNativeTarget "countDown(倒计时)" */;
			buildPhases = (
				72DC2C6A1C8A8C0C0051AFB2 /* Sources */,
				72DC2C6B1C8A8C0C0051AFB2 /* Frameworks */,
				72DC2C6C1C8A8C0C0051AFB2 /* Resources */,
			);
			buildRules = (
			);
			dependencies = (
			);
			name = "countDown(倒计时)";
			productName = "countDown(倒计时)";
			productReference = 72DC2C6E1C8A8C0C0051AFB2 /* countDown(倒计时).app */;
			productType = "com.apple.product-type.application";
		};
/* End PBXNativeTarget section */

/* Begin PBXProject section */
		72DC2C661C8A8C0C0051AFB2 /* Project object */ = {
			isa = PBXProject;
			attributes = {
				LastUpgradeCheck = 0710;
				ORGANIZATIONNAME = "张伟";
				TargetAttributes = {
					72DC2C6D1C8A8C0C0051AFB2 = {
						CreatedOnToolsVersion = 7.1.1;
						DevelopmentTeam = 25NVS2E653;
					};
				};
			};
			buildConfigurationList = 72DC2C691C8A8C0C0051AFB2 /* Build configuration list for PBXProject "countDown(倒计时)" */;
			compatibilityVersion = "Xcode 3.2";
			developmentRegion = English;
			hasScannedForEncodings = 0;
			knownRegions = (
				en,
				Base,
			);
			mainGroup = 72DC2C651C8A8C0C0051AFB2;
			productRefGroup = 72DC2C6F1C8A8C0C0051AFB2 /* Products */;
			projectDirPath = "";
			projectRoot = "";
			targets = (
				72DC2C6D1C8A8C0C0051AFB2 /* countDown(倒计时) */,
			);
		};
/* End PBXProject section */

/* Begin PBXResourcesBuildPhase section */
		72DC2C6C1C8A8C0C0051AFB2 /* Resources */ = {
			isa = PBXResourcesBuildPhase;
			buildActionMask = 2147483647;
			files = (
				72DC2C811C8A8C0C0051AFB2 /* LaunchScreen.storyboard in Resources */,
				72DC2C7E1C8A8C0C0051AFB2 /* Assets.xcassets in Resources */,
				72DC2C7C1C8A8C0C0051AFB2 /* Main.storyboard in Resources */,
			);
			runOnlyForDeploymentPostprocessing = 0;
		};
/* End PBXResourcesBuildPhase section */

/* Begin PBXSourcesBuildPhase section */
		72DC2C6A1C8A8C0C0051AFB2 /* Sources */ = {
			isa = PBXSourcesBuildPhase;
			buildActionMask = 2147483647;
			files = (
				72DC2C791C8A8C0C0051AFB2 /* ViewController.m in Sources */,
				72DC2C761C8A8C0C0051AFB2 /* AppDelegate.m in Sources */,
				72DC2C911C8AB8050051AFB2 /* CountDownView.m in Sources */,
				72DC2C731C8A8C0C0051AFB2 /* main.m in Sources */,
			);
			runOnlyForDeploymentPostprocessing = 0;
		};
/* End PBXSourcesBuildPhase section */

/* Begin PBXVariantGroup section */
		72DC2C7A1C8A8C0C0051AFB2 /* Main.storyboard */ = {
			isa = PBXVariantGroup;
			children = (
				72DC2C7B1C8A8C0C0051AFB2 /* Base */,
			);
			name = Main.storyboard;
			sourceTree = "<group>";
		};
		72DC2C7F1C8A8C0C0051AFB2 /* LaunchScreen.storyboard */ = {
			isa = PBXVariantGroup;
			children = (
				72DC2C801C8A8C0C0051AFB2 /* Base */,
			);
			name = LaunchScreen.storyboard;
			sourceTree = "<group>";
		};
/* End PBXVariantGroup section */

/* Begin XCBuildConfiguration section */
		72DC2C831C8A8C0C0051AFB2 /* Debug */ = {
			isa = XCBuildConfiguration;
			buildSettings = {
				ALWAYS_SEARCH_USER_PATHS = NO;
				CLANG_CXX_LANGUAGE_STANDARD = "gnu++0x";
				CLANG_CXX_LIBRARY = "libc++";
				CLANG_ENABLE_MODULES = YES;
				CLANG_ENABLE_OBJC_ARC = YES;
				CLANG_WARN_BOOL_CONVERSION = YES;
				CLANG_WARN_CONSTANT_CONVERSION = YES;
				CLANG_WARN_DIRECT_OBJC_ISA_USAGE = YES_ERROR;
				CLANG_WARN_EMPTY_BODY = YES;
				CLANG_WARN_ENUM_CONVERSION = YES;
				CLANG_WARN_INT_CONVERSION = YES;
				CLANG_WARN_OBJC_ROOT_CLASS = YES_ERROR;
				CLANG_WARN_UNREACHABLE_CODE = YES;
				CLANG_WARN__DUPLICATE_METHOD_MATCH = YES;
				"CODE_SIGN_IDENTITY[sdk=iphoneos*]" = "iPhone Developer";
				COPY_PHASE_STRIP = NO;
				DEBUG_INFORMATION_FORMAT = dwarf;
				ENABLE_STRICT_OBJC_MSGSEND = YES;
				ENABLE_TESTABILITY = YES;
				GCC_C_LANGUAGE_STANDARD = gnu99;
				GCC_DYNAMIC_NO_PIC = NO;
				GCC_NO_COMMON_BLOCKS = YES;
				GCC_OPTIMIZATION_LEVEL = 0;
				GCC_PREPROCESSOR_DEFINITIONS = (
					"DEBUG=1",
					"$(inherited)",
				);
				GCC_WARN_64_TO_32_BIT_CONVERSION = YES;
				GCC_WARN_ABOUT_RETURN_TYPE = YES_ERROR;
				GCC_WARN_UNDECLARED_SELECTOR = YES;
				GCC_WARN_UNINITIALIZED_AUTOS = YES_AGGRESSIVE;
				GCC_WARN_UNUSED_FUNCTION = YES;
				GCC_WARN_UNUSED_VARIABLE = YES;
				IPHONEOS_DEPLOYMENT_TARGET = 9.1;
				MTL_ENABLE_DEBUG_INFO = YES;
				ONLY_ACTIVE_ARCH = YES;
				SDKROOT = iphoneos;
			};
			name = Debug;
		};
		72DC2C841C8A8C0C0051AFB2 /* Release */ = {
			isa = XCBuildConfiguration;
			buildSettings = {
				ALWAYS_SEARCH_USER_PATHS = NO;
				CLANG_CXX_LANGUAGE_STANDARD = "gnu++0x";
				CLANG_CXX_LIBRARY = "libc++";
				CLANG_ENABLE_MODULES = YES;
				CLANG_ENABLE_OBJC_ARC = YES;
				CLANG_WARN_BOOL_CONVERSION = YES;
				CLANG_WARN_CONSTANT_CONVERSION = YES;
				CLANG_WARN_DIRECT_OBJC_ISA_USAGE = YES_ERROR;
				CLANG_WARN_EMPTY_BODY = YES;
				CLANG_WARN_ENUM_CONVERSION = YES;
				CLANG_WARN_INT_CONVERSION = YES;
				CLANG_WARN_OBJC_ROOT_CLASS = YES_ERROR;
				CLANG_WARN_UNREACHABLE_CODE = YES;
				CLANG_WARN__DUPLICATE_METHOD_MATCH = YES;
				"CODE_SIGN_IDENTITY[sdk=iphoneos*]" = "iPhone Developer";
				COPY_PHASE_STRIP = NO;
				DEBUG_INFORMATION_FORMAT = "dwarf-with-dsym";
				ENABLE_NS_ASSERTIONS = NO;
				ENABLE_STRICT_OBJC_MSGSEND = YES;
				GCC_C_LANGUAGE_STANDARD = gnu99;
				GCC_NO_COMMON_BLOCKS = YES;
				GCC_WARN_64_TO_32_BIT_CONVERSION = YES;
				GCC_WARN_ABOUT_RETURN_TYPE = YES_ERROR;
				GCC_WARN_UNDECLARED_SELECTOR = YES;
				GCC_WARN_UNINITIALIZED_AUTOS = YES_AGGRESSIVE;
				GCC_WARN_UNUSED_FUNCTION = YES;
				GCC_WARN_UNUSED_VARIABLE = YES;
				IPHONEOS_DEPLOYMENT_TARGET = 9.1;
				MTL_ENABLE_DEBUG_INFO = NO;
				SDKROOT = iphoneos;
				VALIDATE_PRODUCT = YES;
			};
			name = Release;
		};
		72DC2C861C8A8C0C0051AFB2 /* Debug */ = {
			isa = XCBuildConfiguration;
			buildSettings = {
				ASSETCATALOG_COMPILER_APPICON_NAME = AppIcon;
				INFOPLIST_FILE = "countDown(倒计时)/Info.plist";
				LD_RUNPATH_SEARCH_PATHS = "$(inherited) @executable_path/Frameworks";
				PRODUCT_BUNDLE_IDENTIFIER = "com.acmqh.countDown-----";
				PRODUCT_NAME = "$(TARGET_NAME)";
			};
			name = Debug;
		};
		72DC2C871C8A8C0C0051AFB2 /* Release */ = {
			isa = XCBuildConfiguration;
			buildSettings = {
				ASSETCATALOG_COMPILER_APPICON_NAME = AppIcon;
				INFOPLIST_FILE = "countDown(倒计时)/Info.plist";
				LD_RUNPATH_SEARCH_PATHS = "$(inherited) @executable_path/Frameworks";
				PRODUCT_BUNDLE_IDENTIFIER = "com.acmqh.countDown-----";
				PRODUCT_NAME = "$(TARGET_NAME)";
			};
			name = Release;
		};
/* End XCBuildConfiguration section */

/* Begin XCConfigurationList section */
		72DC2C691C8A8C0C0051AFB2 /* Build configuration list for PBXProject "countDown(倒计时)" */ = {
			isa = XCConfigurationList;
			buildConfigurations = (
				72DC2C831C8A8C0C0051AFB2 /* Debug */,
				72DC2C841C8A8C0C0051AFB2 /* Release */,
			);
			defaultConfigurationIsVisible = 0;
			defaultConfigurationName = Release;
		};
		72DC2C851C8A8C0C0051AFB2 /* Build configuration list for PBXNativeTarget "countDown(倒计时)" */ = {
			isa = XCConfigurationList;
			buildConfigurations = (
				72DC2C861C8A8C0C0051AFB2 /* Debug */,
				72DC2C871C8A8C0C0051AFB2 /* Release */,
			);
			defaultConfigurationIsVisible = 0;
			defaultConfigurationName = Release;
		};
/* End XCConfigurationList section */
	};
	rootObject = 72DC2C661C8A8C0C0051AFB2 /* Project object */;
}
